
Microsoft Visual Studio Solution File, Format Version 12.00
# Visual Studio Version 16
VisualStudioVersion = 16.0.34031.81
MinimumVisualStudioVersion = 10.0.40219.1
Project("{2150E333-8FDC-42A3-9474-1A3956D46DE8}") = "_Shared", "_Shared", "{047AF0E7-E0D4-49B9-AF12-89F06D14CC55}"
EndProject
Project("{2150E333-8FDC-42A3-9474-1A3956D46DE8}") = "Business", "Business", "{BD0B0E80-E50A-44ED-811F-193315827A5D}"
EndProject
Project("{2150E333-8FDC-42A3-9474-1A3956D46DE8}") = "Data", "Data", "{8C2DC969-B7AA-4AA5-9ADB-8FFBE2A9C180}"
EndProject
Project("{2150E333-8FDC-42A3-9474-1A3956D46DE8}") = "Logic", "Logic", "{C2883660-D5B1-4730-976E-67D62B4E5227}"
EndProject
Project("{2150E333-8FDC-42A3-9474-1A3956D46DE8}") = "Services", "Services", "{6F53DD76-F3AE-420B-9FC8-03075A7EBA78}"
EndProject
Project("{2150E333-8FDC-42A3-9474-1A3956D46DE8}") = "Ui", "Ui", "{274F92E7-795D-44CB-A140-D9B1A521A900}"
EndProject
Project("{2150E333-8FDC-42A3-9474-1A3956D46DE8}") = "XMLFiles", "XMLFiles", "{5A93B7EB-292B-4F51-943B-85D6649F90B4}"
EndProject
Project("{FAE04EC0-301F-11D3-BF4B-00C04F79EFBC}") = "Business.Model", "Model\Business.Model.csproj", "{5EA066D6-C013-40AA-B01E-FA0D4012CA1F}"
EndProject
Project("{FAE04EC0-301F-11D3-BF4B-00C04F79EFBC}") = "Logic.Ui", "Ui\Logic.Ui.csproj", "{E46FAE81-214C-4F48-9CD0-7941787FEF5C}"
EndProject
Project("{FAE04EC0-301F-11D3-BF4B-00C04F79EFBC}") = "Services.MessageBus", "MessageBus\Services.MessageBus.csproj", "{060486CA-023E-404A-9ED1-8CA986DD493E}"
EndProject
Project("{FAE04EC0-301F-11D3-BF4B-00C04F79EFBC}") = "Ui.Desktop", "Desktop\Ui.Desktop.csproj", "{254A6E51-4576-477E-A5FF-03E3FB9CB69C}"
EndProject
Project("{FAE04EC0-301F-11D3-BF4B-00C04F79EFBC}") = "Services.SerializationService", "Services.SerializationService\Services.SerializationService.csproj", "{C7EE5479-D2A7-4B59-9D23-19396FB7D43C}"
EndProject
Project("{FAE04EC0-301F-11D3-BF4B-00C04F79EFBC}") = "Services.MessageBusWithParameter", "Services.MessageBusWithParameter\Services.MessageBusWithParameter.csproj", "{163C9943-63AA-47A3-B8F5-4425C2C28305}"
EndProject
Project("{FAE04EC0-301F-11D3-BF4B-00C04F79EFBC}") = "Services.PdfExport", "Services.PdfExport\Services.PdfExport.csproj", "{7FB3F3D8-DB27-4124-977B-6F294365B460}"
EndProject
Project("{2150E333-8FDC-42A3-9474-1A3956D46DE8}") = "Images", "Images", "{86DA14C5-34BD-4FBF-B209-12A7153C3669}"
	ProjectSection(SolutionItems) = preProject
		..\..\! DEVONIQ\SVG\Wortbildmarke.png = ..\..\! DEVONIQ\SVG\Wortbildmarke.png
	EndProjectSection
EndProject
Project("{FAE04EC0-301F-11D3-BF4B-00C04F79EFBC}") = "Services.XmlBuilder", "Services.XmlBuilder\Services.XmlBuilder.csproj", "{41840241-A4DC-474E-A5EC-DA10E0308F82}"
EndProject
Global
	GlobalSection(SolutionConfigurationPlatforms) = preSolution
		Debug|Any CPU = Debug|Any CPU
		Release|Any CPU = Release|Any CPU
	EndGlobalSection
	GlobalSection(ProjectConfigurationPlatforms) = postSolution
		{5EA066D6-C013-40AA-B01E-FA0D4012CA1F}.Debug|Any CPU.ActiveCfg = Debug|Any CPU
		{5EA066D6-C013-40AA-B01E-FA0D4012CA1F}.Debug|Any CPU.Build.0 = Debug|Any CPU
		{5EA066D6-C013-40AA-B01E-FA0D4012CA1F}.Release|Any CPU.ActiveCfg = Release|Any CPU
		{5EA066D6-C013-40AA-B01E-FA0D4012CA1F}.Release|Any CPU.Build.0 = Release|Any CPU
		{E46FAE81-214C-4F48-9CD0-7941787FEF5C}.Debug|Any CPU.ActiveCfg = Debug|Any CPU
		{E46FAE81-214C-4F48-9CD0-7941787FEF5C}.Debug|Any CPU.Build.0 = Debug|Any CPU
		{E46FAE81-214C-4F48-9CD0-7941787FEF5C}.Release|Any CPU.ActiveCfg = Release|Any CPU
		{E46FAE81-214C-4F48-9CD0-7941787FEF5C}.Release|Any CPU.Build.0 = Release|Any CPU
		{060486CA-023E-404A-9ED1-8CA986DD493E}.Debug|Any CPU.ActiveCfg = Debug|Any CPU
		{060486CA-023E-404A-9ED1-8CA986DD493E}.Debug|Any CPU.Build.0 = Debug|Any CPU
		{060486CA-023E-404A-9ED1-8CA986DD493E}.Release|Any CPU.ActiveCfg = Release|Any CPU
		{060486CA-023E-404A-9ED1-8CA986DD493E}.Release|Any CPU.Build.0 = Release|Any CPU
		{254A6E51-4576-477E-A5FF-03E3FB9CB69C}.Debug|Any CPU.ActiveCfg = Debug|Any CPU
		{254A6E51-4576-477E-A5FF-03E3FB9CB69C}.Debug|Any CPU.Build.0 = Debug|Any CPU
		{254A6E51-4576-477E-A5FF-03E3FB9CB69C}.Release|Any CPU.ActiveCfg = Release|Any CPU
		{254A6E51-4576-477E-A5FF-03E3FB9CB69C}.Release|Any CPU.Build.0 = Release|Any CPU
		{C7EE5479-D2A7-4B59-9D23-19396FB7D43C}.Debug|Any CPU.ActiveCfg = Debug|Any CPU
		{C7EE5479-D2A7-4B59-9D23-19396FB7D43C}.Debug|Any CPU.Build.0 = Debug|Any CPU
		{C7EE5479-D2A7-4B59-9D23-19396FB7D43C}.Release|Any CPU.ActiveCfg = Release|Any CPU
		{C7EE5479-D2A7-4B59-9D23-19396FB7D43C}.Release|Any CPU.Build.0 = Release|Any CPU
		{163C9943-63AA-47A3-B8F5-4425C2C28305}.Debug|Any CPU.ActiveCfg = Debug|Any CPU
		{163C9943-63AA-47A3-B8F5-4425C2C28305}.Debug|Any CPU.Build.0 = Debug|Any CPU
		{163C9943-63AA-47A3-B8F5-4425C2C28305}.Release|Any CPU.ActiveCfg = Release|Any CPU
		{163C9943-63AA-47A3-B8F5-4425C2C28305}.Release|Any CPU.Build.0 = Release|Any CPU
		{7FB3F3D8-DB27-4124-977B-6F294365B460}.Debug|Any CPU.ActiveCfg = Debug|Any CPU
		{7FB3F3D8-DB27-4124-977B-6F294365B460}.Debug|Any CPU.Build.0 = Debug|Any CPU
		{7FB3F3D8-DB27-4124-977B-6F294365B460}.Release|Any CPU.ActiveCfg = Release|Any CPU
		{7FB3F3D8-DB27-4124-977B-6F294365B460}.Release|Any CPU.Build.0 = Release|Any CPU
		{41840241-A4DC-474E-A5EC-DA10E0308F82}.Debug|Any CPU.ActiveCfg = Debug|Any CPU
		{41840241-A4DC-474E-A5EC-DA10E0308F82}.Debug|Any CPU.Build.0 = Debug|Any CPU
		{41840241-A4DC-474E-A5EC-DA10E0308F82}.Release|Any CPU.ActiveCfg = Release|Any CPU
		{41840241-A4DC-474E-A5EC-DA10E0308F82}.Release|Any CPU.Build.0 = Release|Any CPU
	EndGlobalSection
	GlobalSection(SolutionProperties) = preSolution
		HideSolutionNode = FALSE
	EndGlobalSection
	GlobalSection(NestedProjects) = preSolution
		{5EA066D6-C013-40AA-B01E-FA0D4012CA1F} = {BD0B0E80-E50A-44ED-811F-193315827A5D}
		{E46FAE81-214C-4F48-9CD0-7941787FEF5C} = {C2883660-D5B1-4730-976E-67D62B4E5227}
		{060486CA-023E-404A-9ED1-8CA986DD493E} = {6F53DD76-F3AE-420B-9FC8-03075A7EBA78}
		{254A6E51-4576-477E-A5FF-03E3FB9CB69C} = {274F92E7-795D-44CB-A140-D9B1A521A900}
		{C7EE5479-D2A7-4B59-9D23-19396FB7D43C} = {6F53DD76-F3AE-420B-9FC8-03075A7EBA78}
		{163C9943-63AA-47A3-B8F5-4425C2C28305} = {6F53DD76-F3AE-420B-9FC8-03075A7EBA78}
		{7FB3F3D8-DB27-4124-977B-6F294365B460} = {6F53DD76-F3AE-420B-9FC8-03075A7EBA78}
		{41840241-A4DC-474E-A5EC-DA10E0308F82} = {6F53DD76-F3AE-420B-9FC8-03075A7EBA78}
	EndGlobalSection
	GlobalSection(ExtensibilityGlobals) = postSolution
		SolutionGuid = {DC14C10D-5F10-47A5-AAD2-128C96442002}
	EndGlobalSection
EndGlobal
